// !$*UTF8*$!
{
	archiveVersion = 1;
	classes = {
	};
	objectVersion = 56;
	objects = {

/* Begin PBXBuildFile section */
		A3FA797553318CD41EFB3AAA /* Pods_FibriCheckCocoaPodsExample.framework in Frameworks */ = {isa = PBXBuildFile; fileRef = 36018DE4903689E6BBC82311 /* Pods_FibriCheckCocoaPodsExample.framework */; };
		F23186C12A03A5BD009D3776 /* FibriCheckCocoaPodsExampleApp.swift in Sources */ = {isa = PBXBuildFile; fileRef = F23186C02A03A5BD009D3776 /* FibriCheckCocoaPodsExampleApp.swift */; };
		F23186C32A03A5BD009D3776 /* ContentView.swift in Sources */ = {isa = PBXBuildFile; fileRef = F23186C22A03A5BD009D3776 /* ContentView.swift */; };
		F23186C52A03A5BE009D3776 /* Assets.xcassets in Resources */ = {isa = PBXBuildFile; fileRef = F23186C42A03A5BE009D3776 /* Assets.xcassets */; };
		F23186C82A03A5BE009D3776 /* Preview Assets.xcassets in Resources */ = {isa = PBXBuildFile; fileRef = F23186C72A03A5BE009D3776 /* Preview Assets.xcassets */; };
/* End PBXBuildFile section */

/* Begin PBXFileReference section */
		0135C5DE2F945A5CD5691A20 /* Pods-FibriCheckCocoaPodsExample.debug.xcconfig */ = {isa = PBXFileReference; includeInIndex = 1; lastKnownFileType = text.xcconfig; name = "Pods-FibriCheckCocoaPodsExample.debug.xcconfig"; path = "Target Support Files/Pods-FibriCheckCocoaPodsExample/Pods-FibriCheckCocoaPodsExample.debug.xcconfig"; sourceTree = "<group>"; };
		36018DE4903689E6BBC82311 /* Pods_FibriCheckCocoaPodsExample.framework */ = {isa = PBXFileReference; explicitFileType = wrapper.framework; includeInIndex = 0; path = Pods_FibriCheckCocoaPodsExample.framework; sourceTree = BUILT_PRODUCTS_DIR; };
		DAE6689D5BBE6F87C8E6119A /* Pods-FibriCheckCocoaPodsExample.release.xcconfig */ = {isa = PBXFileReference; includeInIndex = 1; lastKnownFileType = text.xcconfig; name = "Pods-FibriCheckCocoaPodsExample.release.xcconfig"; path = "Target Support Files/Pods-FibriCheckCocoaPodsExample/Pods-FibriCheckCocoaPodsExample.release.xcconfig"; sourceTree = "<group>"; };
		F23186BD2A03A5BD009D3776 /* FibriCheckCocoaPodsExample.app */ = {isa = PBXFileReference; explicitFileType = wrapper.application; includeInIndex = 0; path = FibriCheckCocoaPodsExample.app; sourceTree = BUILT_PRODUCTS_DIR; };
		F23186C02A03A5BD009D3776 /* FibriCheckCocoaPodsExampleApp.swift */ = {isa = PBXFileReference; lastKnownFileType = sourcecode.swift; path = FibriCheckCocoaPodsExampleApp.swift; sourceTree = "<group>"; };
		F23186C22A03A5BD009D3776 /* ContentView.swift */ = {isa = PBXFileReference; lastKnownFileType = sourcecode.swift; path = ContentView.swift; sourceTree = "<group>"; };
		F23186C42A03A5BE009D3776 /* Assets.xcassets */ = {isa = PBXFileReference; lastKnownFileType = folder.assetcatalog; path = Assets.xcassets; sourceTree = "<group>"; };
		F23186C72A03A5BE009D3776 /* Preview Assets.xcassets */ = {isa = PBXFileReference; lastKnownFileType = folder.assetcatalog; path = "Preview Assets.xcassets"; sourceTree = "<group>"; };
/* End PBXFileReference section */

/* Begin PBXFrameworksBuildPhase section */
		F23186BA2A03A5BD009D3776 /* Frameworks */ = {
			isa = PBXFrameworksBuildPhase;
			buildActionMask = 2147483647;
			files = (
				A3FA797553318CD41EFB3AAA /* Pods_FibriCheckCocoaPodsExample.framework in Frameworks */,
			);
			runOnlyForDeploymentPostprocessing = 0;
		};
/* End PBXFrameworksBuildPhase section */

/* Begin PBXGroup section */
		92AC4793BCB9776781FC7547 /* Frameworks */ = {
			isa = PBXGroup;
			children = (
				36018DE4903689E6BBC82311 /* Pods_FibriCheckCocoaPodsExample.framework */,
			);
			name = Frameworks;
			sourceTree = "<group>";
		};
		9F5BB565E78AFA556705BCB9 /* Pods */ = {
			isa = PBXGroup;
			children = (
				0135C5DE2F945A5CD5691A20 /* Pods-FibriCheckCocoaPodsExample.debug.xcconfig */,
				DAE6689D5BBE6F87C8E6119A /* Pods-FibriCheckCocoaPodsExample.release.xcconfig */,
			);
			path = Pods;
			sourceTree = "<group>";
		};
		F23186B42A03A5BD009D3776 = {
			isa = PBXGroup;
			children = (
				F23186BF2A03A5BD009D3776 /* FibriCheckCocoaPodsExample */,
				F23186BE2A03A5BD009D3776 /* Products */,
				9F5BB565E78AFA556705BCB9 /* Pods */,
				92AC4793BCB9776781FC7547 /* Frameworks */,
			);
			sourceTree = "<group>";
		};
		F23186BE2A03A5BD009D3776 /* Products */ = {
			isa = PBXGroup;
			children = (
				F23186BD2A03A5BD009D3776 /* FibriCheckCocoaPodsExample.app */,
			);
			name = Products;
			sourceTree = "<group>";
		};
		F23186BF2A03A5BD009D3776 /* FibriCheckCocoaPodsExample */ = {
			isa = PBXGroup;
			children = (
				F23186C02A03A5BD009D3776 /* FibriCheckCocoaPodsExampleApp.swift */,
				F23186C22A03A5BD009D3776 /* ContentView.swift */,
				F23186C42A03A5BE009D3776 /* Assets.xcassets */,
				F23186C62A03A5BE009D3776 /* Preview Content */,
			);
			path = FibriCheckCocoaPodsExample;
			sourceTree = "<group>";
		};
		F23186C62A03A5BE009D3776 /* Preview Content */ = {
			isa = PBXGroup;
			children = (
				F23186C72A03A5BE009D3776 /* Preview Assets.xcassets */,
			);
			path = "Preview Content";
			sourceTree = "<group>";
		};
/* End PBXGroup section */

/* Begin PBXNativeTarget section */
		F23186BC2A03A5BD009D3776 /* FibriCheckCocoaPodsExample */ = {
			isa = PBXNativeTarget;
			buildConfigurationList = F23186CB2A03A5BE009D3776 /* Build configuration list for PBXNativeTarget "FibriCheckCocoaPodsExample" */;
			buildPhases = (
				0DA8DB08D91FEC24429487A0 /* [CP] Check Pods Manifest.lock */,
				F23186B92A03A5BD009D3776 /* Sources */,
				F23186BA2A03A5BD009D3776 /* Frameworks */,
				F23186BB2A03A5BD009D3776 /* Resources */,
				90A4A80B2D013897C5E361D2 /* [CP] Embed Pods Frameworks */,
			);
			buildRules = (
			);
			dependencies = (
			);
			name = FibriCheckCocoaPodsExample;
			productName = FibriCheckCocoaPodsExample;
			productReference = F23186BD2A03A5BD009D3776 /* FibriCheckCocoaPodsExample.app */;
			productType = "com.apple.product-type.application";
		};
/* End PBXNativeTarget section */

/* Begin PBXProject section */
		F23186B52A03A5BD009D3776 /* Project object */ = {
			isa = PBXProject;
			attributes = {
				BuildIndependentTargetsInParallel = 1;
				LastSwiftUpdateCheck = 1430;
				LastUpgradeCheck = 1430;
				TargetAttributes = {
					F23186BC2A03A5BD009D3776 = {
						CreatedOnToolsVersion = 14.3;
					};
				};
			};
			buildConfigurationList = F23186B82A03A5BD009D3776 /* Build configuration list for PBXProject "FibriCheckCocoaPodsExample" */;
			compatibilityVersion = "Xcode 14.0";
			developmentRegion = en;
			hasScannedForEncodings = 0;
			knownRegions = (
				en,
				Base,
			);
			mainGroup = F23186B42A03A5BD009D3776;
			productRefGroup = F23186BE2A03A5BD009D3776 /* Products */;
			projectDirPath = "";
			projectRoot = "";
			targets = (
				F23186BC2A03A5BD009D3776 /* FibriCheckCocoaPodsExample */,
			);
		};
/* End PBXProject section */

/* Begin PBXResourcesBuildPhase section */
		F23186BB2A03A5BD009D3776 /* Resources */ = {
			isa = PBXResourcesBuildPhase;
			buildActionMask = 2147483647;
			files = (
				F23186C82A03A5BE009D3776 /* Preview Assets.xcassets in Resources */,
				F23186C52A03A5BE009D3776 /* Assets.xcassets in Resources */,
			);
			runOnlyForDeploymentPostprocessing = 0;
		};
/* End PBXResourcesBuildPhase section */

/* Begin PBXShellScriptBuildPhase section */
		0DA8DB08D91FEC24429487A0 /* [CP] Check Pods Manifest.lock */ = {
			isa = PBXShellScriptBuildPhase;
			buildActionMask = 2147483647;
			files = (
			);
			inputFileListPaths = (
			);
			inputPaths = (
				"${PODS_PODFILE_DIR_PATH}/Podfile.lock",
				"${PODS_ROOT}/Manifest.lock",
			);
			name = "[CP] Check Pods Manifest.lock";
			outputFileListPaths = (
			);
			outputPaths = (
				"$(DERIVED_FILE_DIR)/Pods-FibriCheckCocoaPodsExample-checkManifestLockResult.txt",
			);
			runOnlyForDeploymentPostprocessing = 0;
			shellPath = /bin/sh;
			shellScript = "diff \"${PODS_PODFILE_DIR_PATH}/Podfile.lock\" \"${PODS_ROOT}/Manifest.lock\" > /dev/null\nif [ $? != 0 ] ; then\n    # print error to STDERR\n    echo \"error: The sandbox is not in sync with the Podfile.lock. Run 'pod install' or update your CocoaPods installation.\" >&2\n    exit 1\nfi\n# This output is used by Xcode 'outputs' to avoid re-running this script phase.\necho \"SUCCESS\" > \"${SCRIPT_OUTPUT_FILE_0}\"\n";
			showEnvVarsInLog = 0;
		};
		90A4A80B2D013897C5E361D2 /* [CP] Embed Pods Frameworks */ = {
			isa = PBXShellScriptBuildPhase;
			buildActionMask = 2147483647;
			files = (
			);
			inputFileListPaths = (
				"${PODS_ROOT}/Target Support Files/Pods-FibriCheckCocoaPodsExample/Pods-FibriCheckCocoaPodsExample-frameworks-${CONFIGURATION}-input-files.xcfilelist",
			);
			name = "[CP] Embed Pods Frameworks";
			outputFileListPaths = (
				"${PODS_ROOT}/Target Support Files/Pods-FibriCheckCocoaPodsExample/Pods-FibriCheckCocoaPodsExample-frameworks-${CONFIGURATION}-output-files.xcfilelist",
			);
			runOnlyForDeploymentPostprocessing = 0;
			shellPath = /bin/sh;
			shellScript = "\"${PODS_ROOT}/Target Support Files/Pods-FibriCheckCocoaPodsExample/Pods-FibriCheckCocoaPodsExample-frameworks.sh\"\n";
			showEnvVarsInLog = 0;
		};
/* End PBXShellScriptBuildPhase section */

/* Begin PBXSourcesBuildPhase section */
		F23186B92A03A5BD009D3776 /* Sources */ = {
			isa = PBXSourcesBuildPhase;
			buildActionMask = 2147483647;
			files = (
				F23186C32A03A5BD009D3776 /* ContentView.swift in Sources */,
				F23186C12A03A5BD009D3776 /* FibriCheckCocoaPodsExampleApp.swift in Sources */,
			);
			runOnlyForDeploymentPostprocessing = 0;
		};
/* End PBXSourcesBuildPhase section */

/* Begin XCBuildConfiguration section */
		F23186C92A03A5BE009D3776 /* Debug */ = {
			isa = XCBuildConfiguration;
			buildSettings = {
				ALWAYS_SEARCH_USER_PATHS = NO;
				CLANG_ANALYZER_NONNULL = YES;
				CLANG_ANALYZER_NUMBER_OBJECT_CONVERSION = YES_AGGRESSIVE;
				CLANG_CXX_LANGUAGE_STANDARD = "gnu++20";
				CLANG_ENABLE_MODULES = YES;
				CLANG_ENABLE_OBJC_ARC = YES;
				CLANG_ENABLE_OBJC_WEAK = YES;
				CLANG_WARN_BLOCK_CAPTURE_AUTORELEASING = YES;
				CLANG_WARN_BOOL_CONVERSION = YES;
				CLANG_WARN_COMMA = YES;
				CLANG_WARN_CONSTANT_CONVERSION = YES;
				CLANG_WARN_DEPRECATED_OBJC_IMPLEMENTATIONS = YES;
				CLANG_WARN_DIRECT_OBJC_ISA_USAGE = YES_ERROR;
				CLANG_WARN_DOCUMENTATION_COMMENTS = YES;
				CLANG_WARN_EMPTY_BODY = YES;
				CLANG_WARN_ENUM_CONVERSION = YES;
				CLANG_WARN_INFINITE_RECURSION = YES;
				CLANG_WARN_INT_CONVERSION = YES;
				CLANG_WARN_NON_LITERAL_NULL_CONVERSION = YES;
				CLANG_WARN_OBJC_IMPLICIT_RETAIN_SELF = YES;
				CLANG_WARN_OBJC_LITERAL_CONVERSION = YES;
				CLANG_WARN_OBJC_ROOT_CLASS = YES_ERROR;
				CLANG_WARN_QUOTED_INCLUDE_IN_FRAMEWORK_HEADER = YES;
				CLANG_WARN_RANGE_LOOP_ANALYSIS = YES;
				CLANG_WARN_STRICT_PROTOTYPES = YES;
				CLANG_WARN_SUSPICIOUS_MOVE = YES;
				CLANG_WARN_UNGUARDED_AVAILABILITY = YES_AGGRESSIVE;
				CLANG_WARN_UNREACHABLE_CODE = YES;
				CLANG_WARN__DUPLICATE_METHOD_MATCH = YES;
				COPY_PHASE_STRIP = NO;
				DEBUG_INFORMATION_FORMAT = dwarf;
				ENABLE_STRICT_OBJC_MSGSEND = YES;
				ENABLE_TESTABILITY = YES;
				GCC_C_LANGUAGE_STANDARD = gnu11;
				GCC_DYNAMIC_NO_PIC = NO;
				GCC_NO_COMMON_BLOCKS = YES;
				GCC_OPTIMIZATION_LEVEL = 0;
				GCC_PREPROCESSOR_DEFINITIONS = (
					"DEBUG=1",
					"$(inherited)",
				);
				GCC_WARN_64_TO_32_BIT_CONVERSION = YES;
				GCC_WARN_ABOUT_RETURN_TYPE = YES_ERROR;
				GCC_WARN_UNDECLARED_SELECTOR = YES;
				GCC_WARN_UNINITIALIZED_AUTOS = YES_AGGRESSIVE;
				GCC_WARN_UNUSED_FUNCTION = YES;
				GCC_WARN_UNUSED_VARIABLE = YES;
				IPHONEOS_DEPLOYMENT_TARGET = 16.4;
				MTL_ENABLE_DEBUG_INFO = INCLUDE_SOURCE;
				MTL_FAST_MATH = YES;
				ONLY_ACTIVE_ARCH = YES;
				SDKROOT = iphoneos;
				SWIFT_ACTIVE_COMPILATION_CONDITIONS = DEBUG;
				SWIFT_OPTIMIZATION_LEVEL = "-Onone";
			};
			name = Debug;
		};
		F23186CA2A03A5BE009D3776 /* Release */ = {
			isa = XCBuildConfiguration;
			buildSettings = {
				ALWAYS_SEARCH_USER_PATHS = NO;
				CLANG_ANALYZER_NONNULL = YES;
				CLANG_ANALYZER_NUMBER_OBJECT_CONVERSION = YES_AGGRESSIVE;
				CLANG_CXX_LANGUAGE_STANDARD = "gnu++20";
				CLANG_ENABLE_MODULES = YES;
				CLANG_ENABLE_OBJC_ARC = YES;
				CLANG_ENABLE_OBJC_WEAK = YES;
				CLANG_WARN_BLOCK_CAPTURE_AUTORELEASING = YES;
				CLANG_WARN_BOOL_CONVERSION = YES;
				CLANG_WARN_COMMA = YES;
				CLANG_WARN_CONSTANT_CONVERSION = YES;
				CLANG_WARN_DEPRECATED_OBJC_IMPLEMENTATIONS = YES;
				CLANG_WARN_DIRECT_OBJC_ISA_USAGE = YES_ERROR;
				CLANG_WARN_DOCUMENTATION_COMMENTS = YES;
				CLANG_WARN_EMPTY_BODY = YES;
				CLANG_WARN_ENUM_CONVERSION = YES;
				CLANG_WARN_INFINITE_RECURSION = YES;
				CLANG_WARN_INT_CONVERSION = YES;
				CLANG_WARN_NON_LITERAL_NULL_CONVERSION = YES;
				CLANG_WARN_OBJC_IMPLICIT_RETAIN_SELF = YES;
				CLANG_WARN_OBJC_LITERAL_CONVERSION = YES;
				CLANG_WARN_OBJC_ROOT_CLASS = YES_ERROR;
				CLANG_WARN_QUOTED_INCLUDE_IN_FRAMEWORK_HEADER = YES;
				CLANG_WARN_RANGE_LOOP_ANALYSIS = YES;
				CLANG_WARN_STRICT_PROTOTYPES = YES;
				CLANG_WARN_SUSPICIOUS_MOVE = YES;
				CLANG_WARN_UNGUARDED_AVAILABILITY = YES_AGGRESSIVE;
				CLANG_WARN_UNREACHABLE_CODE = YES;
				CLANG_WARN__DUPLICATE_METHOD_MATCH = YES;
				COPY_PHASE_STRIP = NO;
				DEBUG_INFORMATION_FORMAT = "dwarf-with-dsym";
				ENABLE_NS_ASSERTIONS = NO;
				ENABLE_STRICT_OBJC_MSGSEND = YES;
				GCC_C_LANGUAGE_STANDARD = gnu11;
				GCC_NO_COMMON_BLOCKS = YES;
				GCC_WARN_64_TO_32_BIT_CONVERSION = YES;
				GCC_WARN_ABOUT_RETURN_TYPE = YES_ERROR;
				GCC_WARN_UNDECLARED_SELECTOR = YES;
				GCC_WARN_UNINITIALIZED_AUTOS = YES_AGGRESSIVE;
				GCC_WARN_UNUSED_FUNCTION = YES;
				GCC_WARN_UNUSED_VARIABLE = YES;
				IPHONEOS_DEPLOYMENT_TARGET = 16.4;
				MTL_ENABLE_DEBUG_INFO = NO;
				MTL_FAST_MATH = YES;
				SDKROOT = iphoneos;
				SWIFT_COMPILATION_MODE = wholemodule;
				SWIFT_OPTIMIZATION_LEVEL = "-O";
				VALIDATE_PRODUCT = YES;
			};
			name = Release;
		};
		F23186CC2A03A5BE009D3776 /* Debug */ = {
			isa = XCBuildConfiguration;
			baseConfigurationReference = 0135C5DE2F945A5CD5691A20 /* Pods-FibriCheckCocoaPodsExample.debug.xcconfig */;
			buildSettings = {
				ASSETCATALOG_COMPILER_APPICON_NAME = AppIcon;
				ASSETCATALOG_COMPILER_GLOBAL_ACCENT_COLOR_NAME = AccentColor;
				CODE_SIGN_STYLE = Automatic;
				CURRENT_PROJECT_VERSION = 1;
				DEVELOPMENT_ASSET_PATHS = "\"FibriCheckCocoaPodsExample/Preview Content\"";
				DEVELOPMENT_TEAM = JG8RKTA96T;
				ENABLE_PREVIEWS = YES;
				GENERATE_INFOPLIST_FILE = YES;
				INFOPLIST_KEY_NSCameraUsageDescription = "FibriCheck requires access to the camera to perform a PPG measurement";
				INFOPLIST_KEY_UIApplicationSceneManifest_Generation = YES;
				INFOPLIST_KEY_UIApplicationSupportsIndirectInputEvents = YES;
				INFOPLIST_KEY_UILaunchScreen_Generation = YES;
				INFOPLIST_KEY_UISupportedInterfaceOrientations_iPad = "UIInterfaceOrientationPortrait UIInterfaceOrientationPortraitUpsideDown UIInterfaceOrientationLandscapeLeft UIInterfaceOrientationLandscapeRight";
				INFOPLIST_KEY_UISupportedInterfaceOrientations_iPhone = "UIInterfaceOrientationPortrait UIInterfaceOrientationLandscapeLeft UIInterfaceOrientationLandscapeRight";
				LD_RUNPATH_SEARCH_PATHS = (
					"$(inherited)",
					"@executable_path/Frameworks",
				);
				MARKETING_VERSION = 1.0;
				PRODUCT_BUNDLE_IDENTIFIER = com.example.FibriCheckCocoaPodsExample;
				PRODUCT_NAME = "$(TARGET_NAME)";
				SWIFT_EMIT_LOC_STRINGS = YES;
				SWIFT_VERSION = 5.0;
				TARGETED_DEVICE_FAMILY = "1,2";
			};
			name = Debug;
		};
		F23186CD2A03A5BE009D3776 /* Release */ = {
			isa = XCBuildConfiguration;
			baseConfigurationReference = DAE6689D5BBE6F87C8E6119A /* Pods-FibriCheckCocoaPodsExample.release.xcconfig */;
			buildSettings = {
				ASSETCATALOG_COMPILER_APPICON_NAME = AppIcon;
				ASSETCATALOG_COMPILER_GLOBAL_ACCENT_COLOR_NAME = AccentColor;
				CODE_SIGN_STYLE = Automatic;
				CURRENT_PROJECT_VERSION = 1;
				DEVELOPMENT_ASSET_PATHS = "\"FibriCheckCocoaPodsExample/Preview Content\"";
				DEVELOPMENT_TEAM = JG8RKTA96T;
				ENABLE_PREVIEWS = YES;
				GENERATE_INFOPLIST_FILE = YES;
				INFOPLIST_KEY_NSCameraUsageDescription = "FibriCheck requires access to the camera to perform a PPG measurement";
				INFOPLIST_KEY_UIApplicationSceneManifest_Generation = YES;
				INFOPLIST_KEY_UIApplicationSupportsIndirectInputEvents = YES;
				INFOPLIST_KEY_UILaunchScreen_Generation = YES;
				INFOPLIST_KEY_UISupportedInterfaceOrientations_iPad = "UIInterfaceOrientationPortrait UIInterfaceOrientationPortraitUpsideDown UIInterfaceOrientationLandscapeLeft UIInterfaceOrientationLandscapeRight";
				INFOPLIST_KEY_UISupportedInterfaceOrientations_iPhone = "UIInterfaceOrientationPortrait UIInterfaceOrientationLandscapeLeft UIInterfaceOrientationLandscapeRight";
				LD_RUNPATH_SEARCH_PATHS = (
					"$(inherited)",
					"@executable_path/Frameworks",
				);
				MARKETING_VERSION = 1.0;
				PRODUCT_BUNDLE_IDENTIFIER = com.example.FibriCheckCocoaPodsExample;
				PRODUCT_NAME = "$(TARGET_NAME)";
				SWIFT_EMIT_LOC_STRINGS = YES;
				SWIFT_VERSION = 5.0;
				TARGETED_DEVICE_FAMILY = "1,2";
			};
			name = Release;
		};
/* End XCBuildConfiguration section */

/* Begin XCConfigurationList section */
		F23186B82A03A5BD009D3776 /* Build configuration list for PBXProject "FibriCheckCocoaPodsExample" */ = {
			isa = XCConfigurationList;
			buildConfigurations = (
				F23186C92A03A5BE009D3776 /* Debug */,
				F23186CA2A03A5BE009D3776 /* Release */,
			);
			defaultConfigurationIsVisible = 0;
			defaultConfigurationName = Release;
		};
		F23186CB2A03A5BE009D3776 /* Build configuration list for PBXNativeTarget "FibriCheckCocoaPodsExample" */ = {
			isa = XCConfigurationList;
			buildConfigurations = (
				F23186CC2A03A5BE009D3776 /* Debug */,
				F23186CD2A03A5BE009D3776 /* Release */,
			);
			defaultConfigurationIsVisible = 0;
			defaultConfigurationName = Release;
		};
/* End XCConfigurationList section */
	};
	rootObject = F23186B52A03A5BD009D3776 /* Project object */;
}
